<?xml version="1.0" encoding="UTF-8"?>
<CONFIG>
  <ProjectOptions>
    <Version Value="11"/>
    <PathDelim Value="\"/>
    <General>
      <SessionStorage Value="InProjectDir"/>
      <MainUnit Value="0"/>
      <Title Value="LMX Converter"/>
      <ResourceType Value="res"/>
      <UseXPManifest Value="True"/>
      <Icon Value="0"/>
    </General>
    <i18n>
      <EnableI18N LFM="False"/>
    </i18n>
    <VersionInfo>
      <UseVersionInfo Value="True"/>
      <MajorVersionNr Value="1"/>
      <MinorVersionNr Value="4"/>
      <RevisionNr Value="1"/>
      <StringTable ProductVersion="1.4.1"/>
    </VersionInfo>
    <CustomData Count="13">
      <Item0 Name="lazpackager/copyright" Value="2020-2022, Artem Demin &lt;megabyte1024@ya.ru>"/>
      <Item2 Name="lazpackager/deb/series" Value="precise"/>
      <Item3 Name="lazpackager/deb/tpl_changelog" Value="?PACKAGE_NAME? (?FULLVERSION?) ?SERIES?; urgency=low

  * Original version ?VERSION? packaged with lazdebian

 -- ?MAINTAINER? &lt;?MAINTAINER_EMAIL?>  ?DATER?
"/>
      <Item4 Name="lazpackager/deb/tpl_control" Value="Source: ?PACKAGE_NAME?
Maintainer: ?MAINTAINER? &lt;?MAINTAINER_EMAIL?>
Section: misc
Priority: optional
Standards-Version: 3.9.3
Build-Depends: fpc, lazarus, lcl, lcl-utils, debhelper (>= 8)
Homepage: https://github.com/artem78/LmxConverter
Vcs-Git: https://github.com/artem78/LmxConverter.git
Vcs-Browser: https://github.com/artem78/LmxConverter

Package: ?PACKAGE_NAME?
Architecture: any
Depends: ${shlibs:Depends}, ${misc:Depends},
Description: ?DESCRIPTION?
 ?DESCRIPTION_LONG?

"/>
      <Item5 Name="lazpackager/deb/tpl_copyright" Value="Format: http://www.debian.org/doc/packaging-manuals/copyright-format/1.0/
Source: https://github.com/artem78/LmxConverter
Upstream-Contact: ?MAINTAINER? &lt;?MAINTAINER_EMAIL?>

Files: *
Copyright: ?COPYRIGHT?
License: GPL-3
"/>
      <Item6 Name="lazpackager/deb/tpl_rules" Value="#!/usr/bin/make -f

ROOT = $(CURDIR)/debian/?PACKAGE_NAME?

override_dh_auto_clean:
	$(RM) -r lib
	$(RM) lib *.res ?EXECUTABLE?

override_dh_auto_build:
	lazbuild ?PROJECT?

override_dh_auto_install:
	install -d -m 755 &quot;$(ROOT)/usr/bin&quot;
	install -s -m 755 ?EXECUTABLE? &quot;$(ROOT)/usr/bin&quot;
	install -d -m 755 &quot;$(ROOT)/usr/share/applications&quot;
	install -m 644 &quot;lmxconverter.desktop&quot; &quot;$(ROOT)/usr/share/applications&quot;
#	for IconSize in 16 24 32 48 64 ; do \
#		install -d -m 755 &quot;$(ROOT)/usr/share/icons/hicolor/${IconSize}/apps&quot;; \
#		install -m 644 -T &quot;icons/lmxconverter_${IconSize}px.png&quot; &quot;$(ROOT)/usr/share/icons/hicolor/${IconSize}/apps/lmxconverter.png&quot;; \
#	done
	install -d -m 755 &quot;$(ROOT)/usr/share/icons/hicolor/16/apps&quot;
	install -m 644 -T &quot;icons/lmxconverter_16px.png&quot; &quot;$(ROOT)/usr/share/icons/hicolor/16/apps/lmxconverter.png&quot;
	install -d -m 755 &quot;$(ROOT)/usr/share/icons/hicolor/24/apps&quot;
	install -m 644 -T &quot;icons/lmxconverter_24px.png&quot; &quot;$(ROOT)/usr/share/icons/hicolor/24/apps/lmxconverter.png&quot;
	install -d -m 755 &quot;$(ROOT)/usr/share/icons/hicolor/32/apps&quot;
	install -m 644 -T &quot;icons/lmxconverter_32px.png&quot; &quot;$(ROOT)/usr/share/icons/hicolor/32/apps/lmxconverter.png&quot;
	install -d -m 755 &quot;$(ROOT)/usr/share/icons/hicolor/48/apps&quot;
	install -m 644 -T &quot;icons/lmxconverter_48px.png&quot; &quot;$(ROOT)/usr/share/icons/hicolor/48/apps/lmxconverter.png&quot;
	install -d -m 755 &quot;$(ROOT)/usr/share/icons/hicolor/64/apps&quot;
	install -m 644 -T &quot;icons/lmxconverter_64px.png&quot; &quot;$(ROOT)/usr/share/icons/hicolor/64/apps/lmxconverter.png&quot;

%:
	dh $@
"/>
      <Item7 Name="lazpackager/description" Value="Nokia landmarks converter"/>
      <Item8 Name="lazpackager/description_long" Value="Tool for conversion between Nokia landmark files (LMX) and other geographical formats"/>
      <Item9 Name="lazpackager/export_cmd" Value="?CP? *.lpi ?TEMPFOLDER?/
?CP? *.lpr ?TEMPFOLDER?/
?CP? *.pas ?TEMPFOLDER?/
?CP? *.lfm ?TEMPFOLDER?/
?CP? *.ico ?TEMPFOLDER?/
?CP? *.desktop ?TEMPFOLDER?/
?CP? -r debian ?TEMPFOLDER?/
mkdir -p ?TEMPFOLDER?/icons/
?CP? icons/*.png ?TEMPFOLDER?/icons/
"/>
      <Item10 Name="lazpackager/maintainer" Value="Artem Demin"/>
      <Item11 Name="lazpackager/maintainer_email" Value="megabyte1024@ya.ru"/>
      <Item12 Name="lazpackager/package_name" Value="lmxconverter"/>
    </CustomData>
    <BuildModes Count="4">
      <Item1 Name="Default" Default="True"/>
      <Item2 Name="Debug">
        <CompilerOptions>
          <Version Value="11"/>
          <PathDelim Value="\"/>
          <Target>
            <Filename Value="lmxconverter"/>
          </Target>
          <SearchPaths>
            <IncludeFiles Value="$(ProjOutDir)"/>
            <UnitOutputDirectory Value="lib\$(TargetCPU)-$(TargetOS)"/>
          </SearchPaths>
          <Parsing>
            <SyntaxOptions>
              <IncludeAssertionCode Value="True"/>
            </SyntaxOptions>
          </Parsing>
          <CodeGeneration>
            <Checks>
              <IOChecks Value="True"/>
              <RangeChecks Value="True"/>
              <OverflowChecks Value="True"/>
              <StackChecks Value="True"/>
            </Checks>
          </CodeGeneration>
          <Linking>
            <Debugging>
              <DebugInfoType Value="dsDwarf2Set"/>
              <UseHeaptrc Value="True"/>
              <StripSymbols Value="True"/>
              <UseExternalDbgSyms Value="True"/>
            </Debugging>
            <Options>
              <Win32>
                <GraphicApplication Value="True"/>
              </Win32>
            </Options>
          </Linking>
        </CompilerOptions>
      </Item2>
      <Item3 Name="Release (Win32)">
        <CompilerOptions>
          <Version Value="11"/>
          <PathDelim Value="\"/>
          <Target>
            <Filename Value="Release\lmxconverter"/>
          </Target>
          <SearchPaths>
            <IncludeFiles Value="$(ProjOutDir)"/>
            <UnitOutputDirectory Value="lib\$(TargetCPU)-$(TargetOS)"/>
          </SearchPaths>
          <CodeGeneration>
            <SmartLinkUnit Value="True"/>
            <TargetOS Value="win32"/>
            <Optimizations>
              <OptimizationLevel Value="3"/>
            </Optimizations>
          </CodeGeneration>
          <Linking>
            <Debugging>
              <GenerateDebugInfo Value="False"/>
              <StripSymbols Value="True"/>
            </Debugging>
            <LinkSmart Value="True"/>
            <Options>
              <Win32>
                <GraphicApplication Value="True"/>
              </Win32>
            </Options>
          </Linking>
        </CompilerOptions>
      </Item3>
      <Item4 Name="Release (Linux)">
        <CompilerOptions>
          <Version Value="11"/>
          <PathDelim Value="\"/>
          <Target>
            <Filename Value="lmxconverter"/>
          </Target>
          <SearchPaths>
            <IncludeFiles Value="$(ProjOutDir)"/>
            <UnitOutputDirectory Value="lib\$(TargetCPU)-$(TargetOS)"/>
          </SearchPaths>
          <CodeGeneration>
            <SmartLinkUnit Value="True"/>
            <TargetOS Value="linux"/>
            <Optimizations>
              <OptimizationLevel Value="3"/>
            </Optimizations>
          </CodeGeneration>
          <Linking>
            <Debugging>
              <GenerateDebugInfo Value="False"/>
              <StripSymbols Value="True"/>
            </Debugging>
            <LinkSmart Value="True"/>
            <Options>
              <Win32>
                <GraphicApplication Value="True"/>
              </Win32>
            </Options>
          </Linking>
        </CompilerOptions>
      </Item4>
    </BuildModes>
    <PublishOptions>
      <Version Value="2"/>
    </PublishOptions>
    <RunParams>
      <FormatVersion Value="2"/>
      <Modes Count="1">
        <Mode0 Name="default"/>
      </Modes>
    </RunParams>
    <RequiredPackages Count="1">
      <Item1>
        <PackageName Value="LCL"/>
      </Item1>
    </RequiredPackages>
    <Units Count="5">
      <Unit0>
        <Filename Value="lmxconverter.lpr"/>
        <IsPartOfProject Value="True"/>
      </Unit0>
      <Unit1>
        <Filename Value="ulmxconverter.pas"/>
        <IsPartOfProject Value="True"/>
        <ComponentName Value="MainForm"/>
        <HasResources Value="True"/>
        <ResourceBaseClass Value="Form"/>
      </Unit1>
      <Unit2>
        <Filename Value="landmarksconverter.pas"/>
        <IsPartOfProject Value="True"/>
        <UnitName Value="LandmarksConverter"/>
      </Unit2>
      <Unit3>
        <Filename Value="about.pas"/>
        <IsPartOfProject Value="True"/>
        <ComponentName Value="AboutForm"/>
        <HasResources Value="True"/>
        <ResourceBaseClass Value="Form"/>
      </Unit3>
      <Unit4>
        <Filename Value="utils.pas"/>
        <IsPartOfProject Value="True"/>
        <UnitName Value="Utils"/>
      </Unit4>
    </Units>
  </ProjectOptions>
  <CompilerOptions>
    <Version Value="11"/>
    <PathDelim Value="\"/>
    <Target>
      <Filename Value="lmxconverter"/>
    </Target>
    <SearchPaths>
      <IncludeFiles Value="$(ProjOutDir)"/>
      <UnitOutputDirectory Value="lib\$(TargetCPU)-$(TargetOS)"/>
    </SearchPaths>
    <CodeGeneration>
      <SmartLinkUnit Value="True"/>
    </CodeGeneration>
    <Linking>
      <Debugging>
        <GenerateDebugInfo Value="False"/>
        <DebugInfoType Value="dsDwarf2Set"/>
        <StripSymbols Value="True"/>
      </Debugging>
      <LinkSmart Value="True"/>
      <Options>
        <Win32>
          <GraphicApplication Value="True"/>
        </Win32>
      </Options>
    </Linking>
  </CompilerOptions>
  <Debugging>
    <Exceptions Count="3">
      <Item1>
        <Name Value="EAbort"/>
      </Item1>
      <Item2>
        <Name Value="ECodetoolError"/>
      </Item2>
      <Item3>
        <Name Value="EFOpenError"/>
      </Item3>
    </Exceptions>
  </Debugging>
</CONFIG>
